{
    "_readme": [
        "This file locks the dependencies of your project to a known state",
        "Read more about it at https://getcomposer.org/doc/01-basic-usage.md#installing-dependencies",
        "This file is @generated automatically"
    ],
    "content-hash": "d0afc86e68bce2cfd9833e122eed52cb",
    "packages": [],
    "packages-dev": [
        {
            "name": "dettbarn/dependencygraph",
            "version": "0.2.0",
            "source": {
                "type": "git",
                "url": "https://github.com/dettbarn/DependencyGraph.git",
                "reference": "2c1b44e009bacc71f746f4649f0e8730994207cf"
            },
            "dist": {
                "type": "zip",
                "url": "https://api.github.com/repos/dettbarn/DependencyGraph/zipball/2c1b44e009bacc71f746f4649f0e8730994207cf",
                "reference": "2c1b44e009bacc71f746f4649f0e8730994207cf",
                "shasum": ""
            },
            "require": {
                "graphp/graphviz": "1.*"
            },
            "require-dev": {
                "flyeralarm/php-code-validator": "*"
            },
            "bin": [
                "bin/dependencygraph"
            ],
            "type": "library",
            "autoload": {
                "psr-4": {
                    "Dettbarn\\DependencyGraph\\": "src/"
                }
            },
            "notification-url": "https://packagist.org/downloads/",
            "license": [
                "MIT"
            ],
            "authors": [
                {
                    "name": "Michael Dettbarn"
                }
            ],
            "description": "Analyse and visualise the PHP class structure obtained from PhpMetrics",
            "support": {
                "issues": "https://github.com/dettbarn/DependencyGraph/issues",
                "source": "https://github.com/dettbarn/DependencyGraph/tree/0.2.0"
            },
            "time": "2026-01-24T18:26:31+00:00"
        },
        {
            "name": "flyeralarm/php-code-validator",
            "version": "4.1.1",
            "source": {
                "type": "git",
                "url": "https://github.com/flyeralarm/php-code-validator.git",
                "reference": "d5552966debf5258b1400cb7b08f11dda9e3d4b9"
            },
            "dist": {
                "type": "zip",
                "url": "https://api.github.com/repos/flyeralarm/php-code-validator/zipball/d5552966debf5258b1400cb7b08f11dda9e3d4b9",
                "reference": "d5552966debf5258b1400cb7b08f11dda9e3d4b9",
                "shasum": ""
            },
            "require": {
                "squizlabs/php_codesniffer": "^3.5"
            },
            "type": "config",
            "notification-url": "https://packagist.org/downloads/",
            "license": [
                "BSD-3-Clause"
            ],
            "authors": [
                {
                    "name": "Daniel Müller",
                    "email": "daniel.mueller@flyeralarm.com"
                },
                {
                    "name": "Maximilian Grosch",
                    "email": "maximilian.grosch@flyeralarm.com"
                }
            ],
            "description": "A custom coding standard for FLYERALARM",
            "support": {
                "issues": "https://github.com/flyeralarm/php-code-validator/issues",
                "source": "https://github.com/flyeralarm/php-code-validator/tree/4.1.1"
            },
            "time": "2024-12-03T15:35:19+00:00"
        },
        {
            "name": "graphp/graph",
            "version": "1.x-dev",
            "source": {
                "type": "git",
                "url": "https://github.com/graphp/graph.git",
                "reference": "0adb04de628a69498d8110705fc54cb47d8fc6a1"
            },
            "dist": {
                "type": "zip",
                "url": "https://api.github.com/repos/graphp/graph/zipball/0adb04de628a69498d8110705fc54cb47d8fc6a1",
                "reference": "0adb04de628a69498d8110705fc54cb47d8fc6a1",
                "shasum": ""
            },
            "require": {
                "php": ">=5.3"
            },
            "require-dev": {
                "phpunit/phpunit": "^9.5 || ^5.7 || ^4.8.35"
            },
            "suggest": {
                "graphp/algorithms": "Common graph algorithms, such as Dijkstra and Moore-Bellman-Ford (shortest path), minimum spanning tree (MST), Kruskal, Prim and many more..",
                "graphp/graphviz": "GraphViz graph drawing / DOT output"
            },
            "default-branch": true,
            "type": "library",
            "autoload": {
                "psr-4": {
                    "Graphp\\Graph\\": "src/"
                }
            },
            "notification-url": "https://packagist.org/downloads/",
            "license": [
                "MIT"
            ],
            "authors": [
                {
                    "name": "Christian Lück",
                    "email": "christian@clue.engineering"
                }
            ],
            "description": "GraPHP is the mathematical graph/network library written in PHP.",
            "homepage": "https://github.com/graphp/graph",
            "keywords": [
                "edge",
                "graph",
                "mathematical",
                "network",
                "vertex"
            ],
            "support": {
                "issues": "https://github.com/graphp/graph/issues",
                "source": "https://github.com/graphp/graph/tree/1.x"
            },
            "funding": [
                {
                    "url": "https://clue.engineering/support",
                    "type": "custom"
                },
                {
                    "url": "https://github.com/clue",
                    "type": "github"
                }
            ],
            "time": "2022-10-27T09:51:59+00:00"
        },
        {
            "name": "graphp/graphviz",
            "version": "1.x-dev",
            "source": {
                "type": "git",
                "url": "https://github.com/graphp/graphviz.git",
                "reference": "686f747ce1f4d979aec9075fa6b9732b19e1ac53"
            },
            "dist": {
                "type": "zip",
                "url": "https://api.github.com/repos/graphp/graphviz/zipball/686f747ce1f4d979aec9075fa6b9732b19e1ac53",
                "reference": "686f747ce1f4d979aec9075fa6b9732b19e1ac53",
                "shasum": ""
            },
            "require": {
                "graphp/graph": "^1@dev",
                "php": ">=5.3.0"
            },
            "require-dev": {
                "phpunit/phpunit": "^9.3 || ^5.7 || ^4.8.35"
            },
            "default-branch": true,
            "type": "library",
            "autoload": {
                "psr-4": {
                    "Graphp\\GraphViz\\": "src/"
                }
            },
            "notification-url": "https://packagist.org/downloads/",
            "license": [
                "MIT"
            ],
            "description": "GraphViz graph drawing for the mathematical graph/network library GraPHP.",
            "homepage": "https://github.com/graphp/graphviz",
            "keywords": [
                "dot output",
                "graph drawing",
                "graph image",
                "graphp",
                "graphviz"
            ],
            "support": {
                "issues": "https://github.com/graphp/graphviz/issues",
                "source": "https://github.com/graphp/graphviz/tree/1.x"
            },
            "time": "2023-10-16T07:28:12+00:00"
        },
        {
            "name": "nikic/php-parser",
            "version": "v4.19.5",
            "source": {
                "type": "git",
                "url": "https://github.com/nikic/PHP-Parser.git",
                "reference": "51bd93cc741b7fc3d63d20b6bdcd99fdaa359837"
            },
            "dist": {
                "type": "zip",
                "url": "https://api.github.com/repos/nikic/PHP-Parser/zipball/51bd93cc741b7fc3d63d20b6bdcd99fdaa359837",
                "reference": "51bd93cc741b7fc3d63d20b6bdcd99fdaa359837",
                "shasum": ""
            },
            "require": {
                "ext-tokenizer": "*",
                "php": ">=7.1"
            },
            "require-dev": {
                "ircmaxell/php-yacc": "^0.0.7",
                "phpunit/phpunit": "^7.0 || ^8.0 || ^9.0"
            },
            "bin": [
                "bin/php-parse"
            ],
            "type": "library",
            "autoload": {
                "psr-4": {
                    "PhpParser\\": "lib/PhpParser"
                }
            },
            "notification-url": "https://packagist.org/downloads/",
            "license": [
                "BSD-3-Clause"
            ],
            "authors": [
                {
                    "name": "Nikita Popov"
                }
            ],
            "description": "A PHP parser written in PHP",
            "keywords": [
                "parser",
                "php"
            ],
            "support": {
                "issues": "https://github.com/nikic/PHP-Parser/issues",
                "source": "https://github.com/nikic/PHP-Parser/tree/v4.19.5"
            },
            "time": "2025-12-06T11:45:25+00:00"
        },
        {
            "name": "phpmetrics/phpmetrics",
            "version": "v2.9.1",
            "source": {
                "type": "git",
                "url": "https://github.com/phpmetrics/PhpMetrics.git",
                "reference": "e2e68ddd1543bc3f44402c383f7bccb62de1ece3"
            },
            "dist": {
                "type": "zip",
                "url": "https://api.github.com/repos/phpmetrics/PhpMetrics/zipball/e2e68ddd1543bc3f44402c383f7bccb62de1ece3",
                "reference": "e2e68ddd1543bc3f44402c383f7bccb62de1ece3",
                "shasum": ""
            },
            "require": {
                "ext-dom": "*",
                "ext-tokenizer": "*",
                "nikic/php-parser": "^3|^4|^5"
            },
            "replace": {
                "halleck45/php-metrics": "*",
                "halleck45/phpmetrics": "*"
            },
            "require-dev": {
                "phpunit/phpunit": "*"
            },
            "bin": [
                "bin/phpmetrics"
            ],
            "type": "library",
            "autoload": {
                "files": [
                    "./src/functions.php"
                ],
                "psr-0": {
                    "Hal\\": "./src/"
                }
            },
            "notification-url": "https://packagist.org/downloads/",
            "license": [
                "MIT"
            ],
            "authors": [
                {
                    "name": "Jean-François Lépine",
                    "email": "lepinejeanfrancois@yahoo.fr",
                    "homepage": "http://www.lepine.pro",
                    "role": "Copyright Holder"
                }
            ],
            "description": "Static analyzer tool for PHP : Coupling, Cyclomatic complexity, Maintainability Index, Halstead's metrics... and more !",
            "homepage": "http://www.phpmetrics.org",
            "keywords": [
                "analysis",
                "qa",
                "quality",
                "testing"
            ],
            "support": {
                "issues": "https://github.com/PhpMetrics/PhpMetrics/issues",
                "source": "https://github.com/phpmetrics/PhpMetrics/tree/v2.9.1"
            },
            "funding": [
                {
                    "url": "https://github.com/Halleck45",
                    "type": "github"
                }
            ],
            "time": "2025-09-25T05:21:02+00:00"
        },
        {
            "name": "squizlabs/php_codesniffer",
            "version": "3.13.5",
            "source": {
                "type": "git",
                "url": "https://github.com/PHPCSStandards/PHP_CodeSniffer.git",
                "reference": "0ca86845ce43291e8f5692c7356fccf3bcf02bf4"
            },
            "dist": {
                "type": "zip",
                "url": "https://api.github.com/repos/PHPCSStandards/PHP_CodeSniffer/zipball/0ca86845ce43291e8f5692c7356fccf3bcf02bf4",
                "reference": "0ca86845ce43291e8f5692c7356fccf3bcf02bf4",
                "shasum": ""
            },
            "require": {
                "ext-simplexml": "*",
                "ext-tokenizer": "*",
                "ext-xmlwriter": "*",
                "php": ">=5.4.0"
            },
            "require-dev": {
                "phpunit/phpunit": "^4.0 || ^5.0 || ^6.0 || ^7.0 || ^8.0 || ^9.3.4"
            },
            "bin": [
                "bin/phpcbf",
                "bin/phpcs"
            ],
            "type": "library",
            "notification-url": "https://packagist.org/downloads/",
            "license": [
                "BSD-3-Clause"
            ],
            "authors": [
                {
                    "name": "Greg Sherwood",
                    "role": "Former lead"
                },
                {
                    "name": "Juliette Reinders Folmer",
                    "role": "Current lead"
                },
                {
                    "name": "Contributors",
                    "homepage": "https://github.com/PHPCSStandards/PHP_CodeSniffer/graphs/contributors"
                }
            ],
            "description": "PHP_CodeSniffer tokenizes PHP, JavaScript and CSS files and detects violations of a defined set of coding standards.",
            "homepage": "https://github.com/PHPCSStandards/PHP_CodeSniffer",
            "keywords": [
                "phpcs",
                "standards",
                "static analysis"
            ],
            "support": {
                "issues": "https://github.com/PHPCSStandards/PHP_CodeSniffer/issues",
                "security": "https://github.com/PHPCSStandards/PHP_CodeSniffer/security/policy",
                "source": "https://github.com/PHPCSStandards/PHP_CodeSniffer",
                "wiki": "https://github.com/PHPCSStandards/PHP_CodeSniffer/wiki"
            },
            "funding": [
                {
                    "url": "https://github.com/PHPCSStandards",
                    "type": "github"
                },
                {
                    "url": "https://github.com/jrfnl",
                    "type": "github"
                },
                {
                    "url": "https://opencollective.com/php_codesniffer",
                    "type": "open_collective"
                },
                {
                    "url": "https://thanks.dev/u/gh/phpcsstandards",
                    "type": "thanks_dev"
                }
            ],
            "time": "2025-11-04T16:30:35+00:00"
        }
    ],
    "aliases": [],
    "minimum-stability": "dev",
    "stability-flags": {},
    "prefer-stable": true,
    "prefer-lowest": false,
    "platform": {},
    "platform-dev": {},
    "plugin-api-version": "2.9.0"
}
